
Microsoft Visual Studio Solution File, Format Version 12.00
# Visual Studio 15
VisualStudioVersion = 15.0.26430.14
MinimumVisualStudioVersion = 10.0.40219.1
Project("{FAE04EC0-301F-11D3-BF4B-00C04F79EFBC}") = "ViesInfo.Tests", "test\ViesInfo.Tests\ViesInfo.Tests.csproj", "{758A29F3-A142-4F14-B3F4-76BCE9281827}"
EndProject
Project("{FAE04EC0-301F-11D3-BF4B-00C04F79EFBC}") = "ViesInfo", "src\ViesInfo\ViesInfo.csproj", "{AD0769A5-E34F-48D3-BFE2-A8E35692C020}"
EndProject
Project("{FAE04EC0-301F-11D3-BF4B-00C04F79EFBC}") = "ViesInfo.Tests.7.0", "test\ViesInfo.Tests.7.0\ViesInfo.Tests.7.0.csproj", "{03C3758D-4B05-4371-80D4-51123A3715F6}"
EndProject
Global
	GlobalSection(SolutionConfigurationPlatforms) = preSolution
		Debug|Any CPU = Debug|Any CPU
		Release|Any CPU = Release|Any CPU
	EndGlobalSection
	GlobalSection(ProjectConfigurationPlatforms) = postSolution
		{758A29F3-A142-4F14-B3F4-76BCE9281827}.Debug|Any CPU.ActiveCfg = Debug|Any CPU
		{758A29F3-A142-4F14-B3F4-76BCE9281827}.Debug|Any CPU.Build.0 = Debug|Any CPU
		{758A29F3-A142-4F14-B3F4-76BCE9281827}.Release|Any CPU.ActiveCfg = Release|Any CPU
		{758A29F3-A142-4F14-B3F4-76BCE9281827}.Release|Any CPU.Build.0 = Release|Any CPU
		{AD0769A5-E34F-48D3-BFE2-A8E35692C020}.Debug|Any CPU.ActiveCfg = Debug|Any CPU
		{AD0769A5-E34F-48D3-BFE2-A8E35692C020}.Debug|Any CPU.Build.0 = Debug|Any CPU
		{AD0769A5-E34F-48D3-BFE2-A8E35692C020}.Release|Any CPU.ActiveCfg = Release|Any CPU
		{AD0769A5-E34F-48D3-BFE2-A8E35692C020}.Release|Any CPU.Build.0 = Release|Any CPU
		{03C3758D-4B05-4371-80D4-51123A3715F6}.Debug|Any CPU.ActiveCfg = Debug|Any CPU
		{03C3758D-4B05-4371-80D4-51123A3715F6}.Debug|Any CPU.Build.0 = Debug|Any CPU
		{03C3758D-4B05-4371-80D4-51123A3715F6}.Release|Any CPU.ActiveCfg = Release|Any CPU
		{03C3758D-4B05-4371-80D4-51123A3715F6}.Release|Any CPU.Build.0 = Release|Any CPU
	EndGlobalSection
	GlobalSection(SolutionProperties) = preSolution
		HideSolutionNode = FALSE
	EndGlobalSection
EndGlobal
